
Microsoft Visual Studio Solution File, Format Version 12.00
# Visual Studio Version 17
VisualStudioVersion = 17.6.33927.249
MinimumVisualStudioVersion = 10.0.40219.1
Project("{FAE04EC0-301F-11D3-BF4B-00C04F79EFBC}") = "opensearch-net", "opensearch-net\opensearch-net.csproj", "{A20546CF-0219-4624-9DCB-A7E9BA1C6F9A}"
EndProject
Project("{2150E333-8FDC-42A3-9474-1A3956D46DE8}") = "Solution Items", "Solution Items", "{6F6A1F9C-E700-4969-8CA8-713B7B225D36}"
	ProjectSection(SolutionItems) = preProject
		docker-compose.yml = docker-compose.yml
	EndProjectSection
EndProject
Global
	GlobalSection(SolutionConfigurationPlatforms) = preSolution
		Debug|Any CPU = Debug|Any CPU
		Release|Any CPU = Release|Any CPU
	EndGlobalSection
	GlobalSection(ProjectConfigurationPlatforms) = postSolution
		{A20546CF-0219-4624-9DCB-A7E9BA1C6F9A}.Debug|Any CPU.ActiveCfg = Debug|Any CPU
		{A20546CF-0219-4624-9DCB-A7E9BA1C6F9A}.Debug|Any CPU.Build.0 = Debug|Any CPU
		{A20546CF-0219-4624-9DCB-A7E9BA1C6F9A}.Release|Any CPU.ActiveCfg = Release|Any CPU
		{A20546CF-0219-4624-9DCB-A7E9BA1C6F9A}.Release|Any CPU.Build.0 = Release|Any CPU
	EndGlobalSection
	GlobalSection(SolutionProperties) = preSolution
		HideSolutionNode = FALSE
	EndGlobalSection
	GlobalSection(ExtensibilityGlobals) = postSolution
		SolutionGuid = {0C37E4B2-FCF1-4E98-9C76-54CC80D2DC47}
	EndGlobalSection
EndGlobal
